<?xml version="1.0" encoding="utf-8"?>
<Project ToolsVersion="4.0" xmlns="http://schemas.microsoft.com/developer/msbuild/2003">
  <ItemGroup>
    <Filter Include="Source Files">
      <UniqueIdentifier>{cc292bd4-c0be-488a-a7aa-7affec070bf6}</UniqueIdentifier>
      <Extensions>cpp;c;cc;cxx;def;odl;idl;hpj;bat;asm;asmx</Extensions>
    </Filter>
    <Filter Include="Header Files">
      <UniqueIdentifier>{e1839729-4cc6-437b-a814-3ff4a1756cd3}</UniqueIdentifier>
      <Extensions>h;hh;hpp;hxx;hm;inl;inc;xsd</Extensions>
    </Filter>
    <Filter Include="Resource Files">
      <UniqueIdentifier>{9b152f9d-a092-42a9-ac47-0594f135a640}</UniqueIdentifier>
      <Extensions>rc;ico;cur;bmp;dlg;rc2;rct;bin;rgs;gif;jpg;jpeg;jpe;resx;tiff;tif;png;wav;mfcribbon-ms</Extensions>
    </Filter>
    <Filter Include="Other Files">
      <UniqueIdentifier>{67DA6AB6-F800-4c08-8B7A-83BB121AAD01}</UniqueIdentifier>
      <Extensions>pcx</Extensions>
    </Filter>
    <Filter Include="Source Files\Widgets">
      <UniqueIdentifier>{6007acad-7840-4949-be4a-4a6255409cc4}</UniqueIdentifier>
    </Filter>
    <Filter Include="Header Files\Widgets">
      <UniqueIdentifier>{7f47ed82-f7ac-4b7a-ae17-b0f8bc77c5ce}</UniqueIdentifier>
    </Filter>
  </ItemGroup>
  <ItemGroup>
    <ClCompile Include="AutoTeam.cpp">
      <Filter>Source Files</Filter>
    </ClCompile>
    <ClCompile Include="BattleroomCommands.cpp">
      <Filter>Source Files</Filter>
    </ClCompile>
    <ClCompile Include="ChallengeResponse.cpp">
      <Filter>Source Files</Filter>
    </ClCompile>
    <ClCompile Include="Guiexport.cpp">
      <Filter>Source Files</Filter>
    </ClCompile>
    <ClCompile Include="MappedMAP.cpp">
      <Filter>Source Files</Filter>
    </ClCompile>
    <ClCompile Include="MegamapControl.cpp">
      <Filter>Source Files</Filter>
    </ClCompile>
    <ClCompile Include="MegamapTAStuff.cpp">
      <Filter>Source Files</Filter>
    </ClCompile>
    <ClCompile Include="nswfl_crc32.cpp">
      <Filter>Source Files</Filter>
    </ClCompile>
    <ClCompile Include="ProjectileMap.cpp">
      <Filter>Source Files</Filter>
    </ClCompile>
    <ClCompile Include="StartPositions.cpp">
      <Filter>Source Files</Filter>
    </ClCompile>
    <ClCompile Include="UnitIcon.cpp">
      <Filter>Source Files</Filter>
    </ClCompile>
    <ClCompile Include="ddraw.cpp">
      <Filter>Source Files</Filter>
    </ClCompile>
    <ClCompile Include="ExternQuickKey.cpp">
      <Filter>Source Files</Filter>
    </ClCompile>
    <ClCompile Include="font.cpp">
      <Filter>Source Files</Filter>
    </ClCompile>
    <ClCompile Include="fullscreenminimap.cpp">
      <Filter>Source Files</Filter>
    </ClCompile>
    <ClCompile Include="gaf.cpp">
      <Filter>Source Files</Filter>
    </ClCompile>
    <ClCompile Include="GuiExpand.cpp">
      <Filter>Source Files</Filter>
    </ClCompile>
    <ClCompile Include="HardCodeFunctions.cpp">
      <Filter>Source Files</Filter>
    </ClCompile>
    <ClCompile Include="hook\ModifyHook.cpp">
      <Filter>Source Files</Filter>
    </ClCompile>
    <ClCompile Include="HPIfunc.cpp">
      <Filter>Source Files</Filter>
    </ClCompile>
    <ClCompile Include="iddraw.cpp">
      <Filter>Source Files</Filter>
    </ClCompile>
    <ClCompile Include="iddrawsurface.cpp">
      <Filter>Source Files</Filter>
    </ClCompile>
    <ClCompile Include="GameRedrawer.cpp">
      <Filter>Source Files</Filter>
    </ClCompile>
    <ClCompile Include="MapParse.cpp">
      <Filter>Source Files</Filter>
    </ClCompile>
    <ClCompile Include="MenuResolution.cpp">
      <Filter>Source Files</Filter>
    </ClCompile>
    <ClCompile Include="rings.cpp">
      <Filter>Source Files</Filter>
    </ClCompile>
    <ClCompile Include="dddta.cpp">
      <Filter>Source Files</Filter>
    </ClCompile>
    <ClCompile Include="bookmarks.cpp">
      <Filter>Source Files</Filter>
    </ClCompile>
    <ClCompile Include="changequeue.cpp">
      <Filter>Source Files</Filter>
    </ClCompile>
    <ClCompile Include="cinomce.cpp">
      <Filter>Source Files</Filter>
    </ClCompile>
    <ClCompile Include="commanderwarp.cpp">
      <Filter>Source Files</Filter>
    </ClCompile>
    <ClCompile Include="Dialog.cpp">
      <Filter>Source Files</Filter>
    </ClCompile>
    <ClCompile Include="maprect.cpp">
      <Filter>Source Files</Filter>
    </ClCompile>
    <ClCompile Include="MinimapHandler.cpp">
      <Filter>Source Files</Filter>
    </ClCompile>
    <ClCompile Include="sharedialog.cpp">
      <Filter>Source Files</Filter>
    </ClCompile>
    <ClCompile Include="TABugFix.cpp">
      <Filter>Source Files</Filter>
    </ClCompile>
    <ClCompile Include="TAConfig.cpp">
      <Filter>Source Files</Filter>
    </ClCompile>
    <ClCompile Include="tahook.cpp">
      <Filter>Source Files</Filter>
    </ClCompile>
    <ClCompile Include="UnicodeSupport.cpp">
      <Filter>Source Files</Filter>
    </ClCompile>
    <ClCompile Include="LimitCrack.cpp">
      <Filter>Source Files</Filter>
    </ClCompile>
    <ClCompile Include="UnitMinimap.cpp">
      <Filter>Source Files</Filter>
    </ClCompile>
    <ClCompile Include="whiteboard.cpp">
      <Filter>Source Files</Filter>
    </ClCompile>
    <ClCompile Include="PCX.CPP">
      <Filter>Source Files</Filter>
    </ClCompile>
    <ClCompile Include="pcxread.cpp">
      <Filter>Source Files</Filter>
    </ClCompile>
    <ClCompile Include="hook\etc.cpp">
      <Filter>Source Files</Filter>
    </ClCompile>
    <ClCompile Include="hook\Hook.cpp">
      <Filter>Source Files</Filter>
    </ClCompile>
    <ClCompile Include="hook\InlineHook.cpp">
      <Filter>Source Files</Filter>
    </ClCompile>
    <ClCompile Include="cgraphic.cpp">
      <Filter>Source Files</Filter>
    </ClCompile>
    <ClCompile Include="ElementHandler.cpp">
      <Filter>Source Files</Filter>
    </ClCompile>
    <ClCompile Include="HexDump.cpp">
      <Filter>Source Files</Filter>
    </ClCompile>
    <ClCompile Include="TPacket.cpp">
      <Filter>Source Files</Filter>
    </ClCompile>
    <ClCompile Include="TenPlayerReplay.cpp">
      <Filter>Source Files</Filter>
    </ClCompile>
    <ClCompile Include="GameTickHook.cpp">
      <Filter>Source Files</Filter>
    </ClCompile>
    <ClCompile Include="MultiplayerSchemaUnits.cpp">
      <Filter>Source Files</Filter>
    </ClCompile>
    <ClCompile Include="HmacSha256.cpp">
      <Filter>Source Files</Filter>
    </ClCompile>
    <ClCompile Include="Widgets\Button.cpp">
      <Filter>Source Files</Filter>
    </ClCompile>
    <ClCompile Include="Widgets\IntegerField.cpp">
      <Filter>Source Files</Filter>
    </ClCompile>
    <ClCompile Include="Widgets\Label.cpp">
      <Filter>Source Files</Filter>
    </ClCompile>
    <ClCompile Include="Widgets\TextField.cpp">
      <Filter>Source Files</Filter>
    </ClCompile>
    <ClCompile Include="Widgets\VirtualKeyField.cpp">
      <Filter>Source Files</Filter>
    </ClCompile>
    <ClCompile Include="Widgets\Widget.cpp">
      <Filter>Source Files</Filter>
    </ClCompile>
    <ClCompile Include="ConstructionKickout.cpp">
      <Filter>Source Files</Filter>
    </ClCompile>
    <ClCompile Include="UnitDefExtensions.cpp">
      <Filter>Source Files</Filter>
    </ClCompile>
    <ClCompile Include="VeterancyHack.cpp">
      <Filter>Source Files</Filter>
    </ClCompile>
  </ItemGroup>
  <ItemGroup>
    <ClInclude Include="AutoTeam.h">
      <Filter>Header Files</Filter>
    </ClInclude>
    <ClInclude Include="BattleroomCommands.h">
      <Filter>Header Files</Filter>
    </ClInclude>
    <ClInclude Include="ChallengeResponse.h">
      <Filter>Header Files</Filter>
    </ClInclude>
    <ClInclude Include="HmacSha256.h">
      <Filter>Header Files</Filter>
    </ClInclude>
    <ClInclude Include="MegamapControl.h">
      <Filter>Header Files</Filter>
    </ClInclude>
    <ClInclude Include="megamaptastuff.h">
      <Filter>Header Files</Filter>
    </ClInclude>
    <ClInclude Include="nswfl_crc32.h">
      <Filter>Header Files</Filter>
    </ClInclude>
    <ClInclude Include="ProjectilesMap.h">
      <Filter>Header Files</Filter>
    </ClInclude>
    <ClInclude Include="BMP.h">
      <Filter>Header Files</Filter>
    </ClInclude>
    <ClInclude Include="dddta.h">
      <Filter>Header Files</Filter>
    </ClInclude>
    <ClInclude Include="bookmarks.h">
      <Filter>Header Files</Filter>
    </ClInclude>
    <ClInclude Include="cgraphic.h">
      <Filter>Header Files</Filter>
    </ClInclude>
    <ClInclude Include="changequeue.h">
      <Filter>Header Files</Filter>
    </ClInclude>
    <ClInclude Include="cincome.h">
      <Filter>Header Files</Filter>
    </ClInclude>
    <ClInclude Include="commanderwarp.h">
      <Filter>Header Files</Filter>
    </ClInclude>
    <ClInclude Include="ddraw.h">
      <Filter>Header Files</Filter>
    </ClInclude>
    <ClInclude Include="Dialog.h">
      <Filter>Header Files</Filter>
    </ClInclude>
    <ClInclude Include="ElementHandler.h">
      <Filter>Header Files</Filter>
    </ClInclude>
    <ClInclude Include="ExternQuickKey.h">
      <Filter>Header Files</Filter>
    </ClInclude>
    <ClInclude Include="fullscreenminimap.h">
      <Filter>Header Files</Filter>
    </ClInclude>
    <ClInclude Include="Gaf.h">
      <Filter>Header Files</Filter>
    </ClInclude>
    <ClInclude Include="gameredrawer.h">
      <Filter>Header Files</Filter>
    </ClInclude>
    <ClInclude Include="GUIExpand.h">
      <Filter>Header Files</Filter>
    </ClInclude>
    <ClInclude Include="hook\etc.h">
      <Filter>Header Files</Filter>
    </ClInclude>
    <ClInclude Include="font.h">
      <Filter>Header Files</Filter>
    </ClInclude>
    <ClInclude Include="hook\hook.h">
      <Filter>Header Files</Filter>
    </ClInclude>
    <ClInclude Include="iddraw.h">
      <Filter>Header Files</Filter>
    </ClInclude>
    <ClInclude Include="iddrawsurface.h">
      <Filter>Header Files</Filter>
    </ClInclude>
    <ClInclude Include="IncreaseCompositeSize.h">
      <Filter>Header Files</Filter>
    </ClInclude>
    <ClInclude Include="IncreaseSfxLimit.h">
      <Filter>Header Files</Filter>
    </ClInclude>
    <ClInclude Include="IRenderer.h">
      <Filter>Header Files</Filter>
    </ClInclude>
    <ClInclude Include="LimitCrack.h">
      <Filter>Header Files</Filter>
    </ClInclude>
    <ClInclude Include="mapParse.h">
      <Filter>Header Files</Filter>
    </ClInclude>
    <ClInclude Include="mappedmap.h">
      <Filter>Header Files</Filter>
    </ClInclude>
    <ClInclude Include="maprect.h">
      <Filter>Header Files</Filter>
    </ClInclude>
    <ClInclude Include="MenuResolution.h">
      <Filter>Header Files</Filter>
    </ClInclude>
    <ClInclude Include="minimaphandler.h">
      <Filter>Header Files</Filter>
    </ClInclude>
    <ClInclude Include="MixingBuffers.h">
      <Filter>Header Files</Filter>
    </ClInclude>
    <ClInclude Include="oddraw.h">
      <Filter>Header Files</Filter>
    </ClInclude>
    <ClInclude Include="PCX.H">
      <Filter>Header Files</Filter>
    </ClInclude>
    <ClInclude Include="pcxread.h">
      <Filter>Header Files</Filter>
    </ClInclude>
    <ClInclude Include="random_code_seg_keys.h">
      <Filter>Header Files</Filter>
    </ClInclude>
    <ClInclude Include="rings.h">
      <Filter>Header Files</Filter>
    </ClInclude>
    <ClInclude Include="sharedialog.h">
      <Filter>Header Files</Filter>
    </ClInclude>
    <ClInclude Include="StartPositions.h">
      <Filter>Header Files</Filter>
    </ClInclude>
    <ClInclude Include="SwitchAlt.h">
      <Filter>Header Files</Filter>
    </ClInclude>
    <ClInclude Include="TAbugfix.h">
      <Filter>Header Files</Filter>
    </ClInclude>
    <ClInclude Include="TAConfig.h">
      <Filter>Header Files</Filter>
    </ClInclude>
    <ClInclude Include="tafunctions.h">
      <Filter>Header Files</Filter>
    </ClInclude>
    <ClInclude Include="tahook.h">
      <Filter>Header Files</Filter>
    </ClInclude>
    <ClInclude Include="taHPI.h">
      <Filter>Header Files</Filter>
    </ClInclude>
    <ClInclude Include="tamem.h">
      <Filter>Header Files</Filter>
    </ClInclude>
    <ClInclude Include="AiSeardchMapEntriesLimit.h">
      <Filter>Header Files</Filter>
    </ClInclude>
    <ClInclude Include="UnicodeSupport.h">
      <Filter>Header Files</Filter>
    </ClInclude>
    <ClInclude Include="UnitDrawer.h">
      <Filter>Header Files</Filter>
    </ClInclude>
    <ClInclude Include="UnitLimit.h">
      <Filter>Header Files</Filter>
    </ClInclude>
    <ClInclude Include="UnitTypeLimit.h">
      <Filter>Header Files</Filter>
    </ClInclude>
    <ClInclude Include="whiteboard.h">
      <Filter>Header Files</Filter>
    </ClInclude>
    <ClInclude Include="resource.h">
      <Filter>Header Files</Filter>
    </ClInclude>
    <ClInclude Include="HexDump.h">
      <Filter>Header Files</Filter>
    </ClInclude>
    <ClInclude Include="TPacket.h">
      <Filter>Header Files</Filter>
    </ClInclude>
    <ClInclude Include="TenPlayerReplay.h">
      <Filter>Header Files</Filter>
    </ClInclude>
    <ClInclude Include="GameTickHook.h">
      <Filter>Header Files</Filter>
    </ClInclude>
    <ClInclude Include="MultiplayerSchemaUnits.h">
      <Filter>Header Files</Filter>
    </ClInclude>
    <ClInclude Include="Widgets\Button.h">
      <Filter>Header Files</Filter>
    </ClInclude>
    <ClInclude Include="Widgets\IntegerField.h">
      <Filter>Header Files</Filter>
    </ClInclude>
    <ClInclude Include="Widgets\Label.h">
      <Filter>Header Files</Filter>
    </ClInclude>
    <ClInclude Include="Widgets\TextField.h">
      <Filter>Header Files</Filter>
    </ClInclude>
    <ClInclude Include="Widgets\VirtualKeyField.h">
      <Filter>Header Files</Filter>
    </ClInclude>
    <ClInclude Include="Widgets\Widget.h">
      <Filter>Header Files</Filter>
    </ClInclude>
    <ClInclude Include="ConstructionKickout.h">
      <Filter>Header Files</Filter>
    </ClInclude>
    <ClInclude Include="UnitDefExtensions.h">
      <Filter>Header Files</Filter>
    </ClInclude>
    <ClInclude Include="VeterancyHack.h">
      <Filter>Header Files</Filter>
    </ClInclude>
    <ClInclude Include="config_escalation.h">
      <Filter>Header Files</Filter>
    </ClInclude>
    <ClInclude Include="config.h">
      <Filter>Header Files</Filter>
    </ClInclude>
    <ClInclude Include="config_full.h">
      <Filter>Header Files</Filter>
    </ClInclude>
    <ClInclude Include="config_minimal.h">
      <Filter>Header Files</Filter>
    </ClInclude>
  </ItemGroup>
  <ItemGroup>
    <ResourceCompile Include="ddraw.rc">
      <Filter>Resource Files</Filter>
    </ResourceCompile>
    <ResourceCompile Include="publicddraw.rc">
      <Filter>Resource Files</Filter>
    </ResourceCompile>
  </ItemGroup>
  <ItemGroup>
    <None Include="ddraw.def">
      <Filter>Source Files</Filter>
    </None>
    <None Include="bitmaps\3stagedbutton.pcx">
      <Filter>Other Files</Filter>
    </None>
    <None Include="bitmaps\CheckBox.pcx">
      <Filter>Other Files</Filter>
    </None>
    <None Include="bitmaps\ControPanelBG.pcx">
      <Filter>Other Files</Filter>
    </None>
    <None Include="bitmaps\greenrect.pcx">
      <Filter>Other Files</Filter>
    </None>
    <None Include="bitmaps\hatfontLC.pcx">
      <Filter>Other Files</Filter>
    </None>
    <None Include="bitmaps\hatfontsmallLC.pcx">
      <Filter>Other Files</Filter>
    </None>
    <None Include="bitmaps\hatfontsmallUC.pcx">
      <Filter>Other Files</Filter>
    </None>
    <None Include="bitmaps\hatfontUC.pcx">
      <Filter>Other Files</Filter>
    </None>
    <None Include="bitmaps\inputbox.pcx">
      <Filter>Other Files</Filter>
    </None>
    <None Include="bitmaps\okbutton.pcx">
      <Filter>Other Files</Filter>
    </None>
    <None Include="bitmaps\smallcircle.pcx">
      <Filter>Other Files</Filter>
    </None>
    <None Include="bitmaps\StagedButtn1.pcx">
      <Filter>Other Files</Filter>
    </None>
    <None Include="bitmaps\standarbutton.pcx">
      <Filter>Other Files</Filter>
    </None>
    <None Include="bitmaps\tacursor.pcx">
      <Filter>Other Files</Filter>
    </None>
    <None Include="tdraw.def">
      <Filter>Source Files</Filter>
    </None>
  </ItemGroup>
</Project>