<?xml version="1.0" encoding="utf-8"?>
<Project ToolsVersion="4.0" xmlns="http://schemas.microsoft.com/developer/msbuild/2003">
  <ItemGroup>
    <Filter Include="Source Files">
      <UniqueIdentifier>{a976a42e-95ac-497f-8bde-f68f54b38c4a}</UniqueIdentifier>
      <Extensions>cpp;c;cxx;rc;def;r;odl;idl;hpj;bat</Extensions>
    </Filter>
    <Filter Include="Source Files\3dta">
      <UniqueIdentifier>{b3d9276e-f6ef-4618-b7d5-bdc79acadbd9}</UniqueIdentifier>
    </Filter>
    <Filter Include="Source Files\Functions">
      <UniqueIdentifier>{116dc400-450d-4937-953e-52e99d630821}</UniqueIdentifier>
    </Filter>
    <Filter Include="Source Files\STL">
      <UniqueIdentifier>{ebaae430-0659-48cb-9a1e-7b6d317c550b}</UniqueIdentifier>
    </Filter>
    <Filter Include="Header Files">
      <UniqueIdentifier>{4e62ee03-925b-47a3-a3f1-98617932e7e1}</UniqueIdentifier>
      <Extensions>h;hpp;hxx;hm;inl</Extensions>
    </Filter>
    <Filter Include="Resource Files">
      <UniqueIdentifier>{1c8d7177-cd1a-49a1-aa20-58572dbab8ad}</UniqueIdentifier>
      <Extensions>ico;cur;bmp;dlg;rc2;rct;bin;rgs;gif;jpg;jpeg;jpe</Extensions>
    </Filter>
    <Filter Include="Source Files\Functions\externFromChina">
      <UniqueIdentifier>{7eaee814-32e5-4d09-8d47-5203fc630ffb}</UniqueIdentifier>
    </Filter>
    <Filter Include="Header Files\HardCodeInTA3.1C">
      <UniqueIdentifier>{374e61b4-de13-41a4-a1ce-8ee56c1d8e41}</UniqueIdentifier>
    </Filter>
    <Filter Include="Header Files\others">
      <UniqueIdentifier>{ce972ae8-e2dc-498f-98ee-d31ca15d8d1d}</UniqueIdentifier>
    </Filter>
    <Filter Include="Source Files\Functions\OrginalTadr">
      <UniqueIdentifier>{cb11dd5d-461c-4328-aa0d-0cd1407951c1}</UniqueIdentifier>
    </Filter>
    <Filter Include="Source Files\Functions\externFromChina\Config">
      <UniqueIdentifier>{f40f4025-a509-414d-909f-d27776b8839f}</UniqueIdentifier>
    </Filter>
    <Filter Include="Source Files\Functions\externFromChina\LimitCrack">
      <UniqueIdentifier>{c5372284-3380-45a7-8afa-e30ebdfe0ed5}</UniqueIdentifier>
    </Filter>
    <Filter Include="Source Files\Functions\misc">
      <UniqueIdentifier>{fe49f9e5-887d-431f-8638-b5ddfdff7cf6}</UniqueIdentifier>
    </Filter>
    <Filter Include="Source Files\Functions\misc\hook">
      <UniqueIdentifier>{96b5eeb8-d151-481f-994d-6e50f11d7912}</UniqueIdentifier>
    </Filter>
    <Filter Include="Source Files\Functions\gaf">
      <UniqueIdentifier>{4c4e6822-3097-40a7-90a0-f5419821fcdd}</UniqueIdentifier>
    </Filter>
    <Filter Include="Header Files\Functions">
      <UniqueIdentifier>{13f8453d-d867-41c4-be5c-bb834a0e8f3a}</UniqueIdentifier>
    </Filter>
    <Filter Include="Header Files\Functions\externFromChina">
      <UniqueIdentifier>{223d3ae4-c9bc-40e2-98a6-c2a54b61dfbd}</UniqueIdentifier>
    </Filter>
    <Filter Include="Header Files\Functions\externFromChina\LimitCrack">
      <UniqueIdentifier>{86189545-a310-47f7-9dd6-9bbe235c206d}</UniqueIdentifier>
    </Filter>
    <Filter Include="Header Files\Functions\externFromChina\GUI">
      <UniqueIdentifier>{dc0cd7ac-9b67-4a6b-b997-dec1a4760977}</UniqueIdentifier>
    </Filter>
    <Filter Include="Header Files\Functions\OrginalTadr">
      <UniqueIdentifier>{ec5a753b-e352-4a3c-890b-dfce8724f675}</UniqueIdentifier>
    </Filter>
    <Filter Include="Source Files\Functions\externFromChina\HardCodeInTA3.1c">
      <UniqueIdentifier>{1c118e51-3a7e-4d47-beed-7fb49c5bec4f}</UniqueIdentifier>
    </Filter>
    <Filter Include="Source Files\Functions\externFromChina\hpi">
      <UniqueIdentifier>{e24ea4b8-5f6c-4912-8164-5a9d309d3a8d}</UniqueIdentifier>
    </Filter>
    <Filter Include="Source Files\Functions\Pcx">
      <UniqueIdentifier>{79d2cdad-260d-43a4-a93c-e32c69f27495}</UniqueIdentifier>
    </Filter>
    <Filter Include="Source Files\Functions\externFromChina\GUIApiExport">
      <UniqueIdentifier>{3f1206dd-99cc-40b5-99d7-cd1f2ba46085}</UniqueIdentifier>
    </Filter>
    <Filter Include="Source Files\Functions\externFromChina\GUIalter">
      <UniqueIdentifier>{b89342c0-2617-49a4-a91d-a5e1a35076e5}</UniqueIdentifier>
    </Filter>
  </ItemGroup>
  <ItemGroup>
    <ClCompile Include="ddraw.cpp">
      <Filter>Source Files</Filter>
    </ClCompile>
    <ClCompile Include="font.cpp">
      <Filter>Source Files</Filter>
    </ClCompile>
    <ClCompile Include="iddraw.cpp">
      <Filter>Source Files</Filter>
    </ClCompile>
    <ClCompile Include="iddrawsurface.cpp">
      <Filter>Source Files</Filter>
    </ClCompile>
    <ClCompile Include="dddta.cpp">
      <Filter>Source Files\3dta</Filter>
    </ClCompile>
    <ClCompile Include="PCX.CPP">
      <Filter>Source Files\Functions\Pcx</Filter>
    </ClCompile>
    <ClCompile Include="pcxread.cpp">
      <Filter>Source Files\Functions\Pcx</Filter>
    </ClCompile>
    <ClCompile Include="hook\Hook.cpp">
      <Filter>Source Files\Functions\misc\hook</Filter>
    </ClCompile>
    <ClCompile Include="hook\InlineHook.cpp">
      <Filter>Source Files\Functions\misc\hook</Filter>
    </ClCompile>
    <ClCompile Include="HardCodeFunctions.cpp">
      <Filter>Source Files\Functions\externFromChina\HardCodeInTA3.1c</Filter>
    </ClCompile>
    <ClCompile Include="xthrow.cpp">
      <Filter>Source Files\STL</Filter>
    </ClCompile>
    <ClCompile Include="bookmarks.cpp">
      <Filter>Source Files\Functions\OrginalTadr</Filter>
    </ClCompile>
    <ClCompile Include="whiteboard.cpp">
      <Filter>Source Files\Functions\OrginalTadr</Filter>
    </ClCompile>
    <ClCompile Include="changequeue.cpp">
      <Filter>Source Files\Functions\OrginalTadr</Filter>
    </ClCompile>
    <ClCompile Include="cinomce.cpp">
      <Filter>Source Files\Functions\OrginalTadr</Filter>
    </ClCompile>
    <ClCompile Include="commanderwarp.cpp">
      <Filter>Source Files\Functions\OrginalTadr</Filter>
    </ClCompile>
    <ClCompile Include="maprect.cpp">
      <Filter>Source Files\Functions\OrginalTadr</Filter>
    </ClCompile>
    <ClCompile Include="MinimapHandler.cpp">
      <Filter>Source Files\Functions\OrginalTadr</Filter>
    </ClCompile>
    <ClCompile Include="tahook.cpp">
      <Filter>Source Files\Functions\OrginalTadr</Filter>
    </ClCompile>
    <ClCompile Include="unitrotate.cpp">
      <Filter>Source Files\Functions\OrginalTadr</Filter>
    </ClCompile>
    <ClCompile Include="ElementHandler.cpp">
      <Filter>Source Files\Functions\misc</Filter>
    </ClCompile>
    <ClCompile Include="cgraphic.cpp">
      <Filter>Source Files\Functions\misc</Filter>
    </ClCompile>
    <ClCompile Include="hook\ModifyHook.cpp">
      <Filter>Source Files\Functions\misc\hook</Filter>
    </ClCompile>
    <ClCompile Include="rings.cpp">
      <Filter>Source Files\Functions\OrginalTadr</Filter>
    </ClCompile>
    <ClCompile Include="TAConfig.cpp">
      <Filter>Source Files\Functions\externFromChina\Config</Filter>
    </ClCompile>
    <ClCompile Include="LimitCrack.cpp">
      <Filter>Source Files\Functions\externFromChina\LimitCrack</Filter>
    </ClCompile>
    <ClCompile Include="dialog.cpp">
      <Filter>Source Files\Functions\OrginalTadr</Filter>
    </ClCompile>
    <ClCompile Include="hook\etc.cpp">
      <Filter>Source Files\Functions\misc</Filter>
    </ClCompile>
    <ClCompile Include="MultiGameWeaponID.cpp">
      <Filter>Source Files\Functions\externFromChina\LimitCrack</Filter>
    </ClCompile>
    <ClCompile Include="TABugFix.cpp">
      <Filter>Source Files\Functions\externFromChina</Filter>
    </ClCompile>
    <ClCompile Include="HPIfunc.cpp">
      <Filter>Source Files\Functions\externFromChina\hpi</Filter>
    </ClCompile>
    <ClCompile Include="MenuResolution.cpp">
      <Filter>Source Files\Functions\externFromChina\GUIalter</Filter>
    </ClCompile>
    <ClCompile Include="sharedialog.cpp">
      <Filter>Source Files\Functions\externFromChina\GUIalter</Filter>
    </ClCompile>
    <ClCompile Include="GameRedrawer.cpp">
      <Filter>Source Files\Functions\externFromChina\GUIalter</Filter>
    </ClCompile>
    <ClCompile Include="MapParse.cpp">
      <Filter>Source Files\Functions\externFromChina\GUIalter</Filter>
    </ClCompile>
    <ClCompile Include="fullscreenminimap.cpp">
      <Filter>Source Files\Functions\externFromChina\GUIalter</Filter>
    </ClCompile>
    <ClCompile Include="GuiExpand.cpp">
      <Filter>Source Files\Functions\externFromChina\GUIalter</Filter>
    </ClCompile>
    <ClCompile Include="UnicodeSupport.cpp">
      <Filter>Source Files\Functions\externFromChina</Filter>
    </ClCompile>
    <ClCompile Include="ExternQuickKey.cpp">
      <Filter>Source Files\Functions\externFromChina</Filter>
    </ClCompile>
    <ClCompile Include="UnitIcon.cpp">
      <Filter>Source Files\Functions\misc</Filter>
    </ClCompile>
    <ClCompile Include="UnitMinimap.cpp">
      <Filter>Source Files\Functions\externFromChina\GUIalter</Filter>
    </ClCompile>
    <ClCompile Include="ProjectileMap.cpp">
      <Filter>Source Files\Functions\externFromChina\GUIalter</Filter>
    </ClCompile>
    <ClCompile Include="MappedMAP.cpp">
      <Filter>Source Files\Functions\externFromChina\GUIalter</Filter>
    </ClCompile>
    <ClCompile Include="MegamapControl.cpp">
      <Filter>Source Files\Functions\externFromChina\GUIalter</Filter>
    </ClCompile>
    <ClCompile Include="gaf.cpp">
      <Filter>Source Files\Functions\gaf</Filter>
    </ClCompile>
    <ClCompile Include="MegamapTAStuff.cpp">
      <Filter>Source Files\Functions\externFromChina\GUIalter</Filter>
    </ClCompile>
    <ClCompile Include="Guiexport.cpp">
      <Filter>Source Files\Functions\externFromChina\GUIApiExport</Filter>
    </ClCompile>
  </ItemGroup>
  <ItemGroup>
    <ClInclude Include="iddraw.h">
      <Filter>Header Files</Filter>
    </ClInclude>
    <ClInclude Include="iddrawsurface.h">
      <Filter>Header Files</Filter>
    </ClInclude>
    <ClInclude Include="resource.h">
      <Filter>Resource Files</Filter>
    </ClInclude>
    <ClInclude Include="tamem.h">
      <Filter>Header Files\HardCodeInTA3.1C</Filter>
    </ClInclude>
    <ClInclude Include="tafunctions.h">
      <Filter>Header Files\HardCodeInTA3.1C</Filter>
    </ClInclude>
    <ClInclude Include="hook\etc.h">
      <Filter>Header Files\others</Filter>
    </ClInclude>
    <ClInclude Include="ElementHandler.h">
      <Filter>Header Files\others</Filter>
    </ClInclude>
    <ClInclude Include="cgraphic.h">
      <Filter>Header Files\others</Filter>
    </ClInclude>
    <ClInclude Include="IRenderer.h">
      <Filter>Header Files\others</Filter>
    </ClInclude>
    <ClInclude Include="oddraw.h">
      <Filter>Header Files\others</Filter>
    </ClInclude>
    <ClInclude Include="PCX.H">
      <Filter>Header Files\others</Filter>
    </ClInclude>
    <ClInclude Include="pcxread.h">
      <Filter>Header Files\others</Filter>
    </ClInclude>
    <ClInclude Include="rings.h">
      <Filter>Header Files\others</Filter>
    </ClInclude>
    <ClInclude Include="hook\hook.h">
      <Filter>Header Files\others</Filter>
    </ClInclude>
    <ClInclude Include="bookmarks.h">
      <Filter>Header Files\Functions\OrginalTadr</Filter>
    </ClInclude>
    <ClInclude Include="whiteboard.h">
      <Filter>Header Files\Functions\OrginalTadr</Filter>
    </ClInclude>
    <ClInclude Include="changequeue.h">
      <Filter>Header Files\Functions\OrginalTadr</Filter>
    </ClInclude>
    <ClInclude Include="cincome.h">
      <Filter>Header Files\Functions\OrginalTadr</Filter>
    </ClInclude>
    <ClInclude Include="commanderwarp.h">
      <Filter>Header Files\Functions\OrginalTadr</Filter>
    </ClInclude>
    <ClInclude Include="dialog.h">
      <Filter>Header Files\Functions\OrginalTadr</Filter>
    </ClInclude>
    <ClInclude Include="font.h">
      <Filter>Header Files\Functions\OrginalTadr</Filter>
    </ClInclude>
    <ClInclude Include="maprect.h">
      <Filter>Header Files\Functions\OrginalTadr</Filter>
    </ClInclude>
    <ClInclude Include="tahook.h">
      <Filter>Header Files\Functions\OrginalTadr</Filter>
    </ClInclude>
    <ClInclude Include="unitrotate.h">
      <Filter>Header Files\Functions\OrginalTadr</Filter>
    </ClInclude>
    <ClInclude Include="minimaphandler.h">
      <Filter>Header Files\Functions\OrginalTadr</Filter>
    </ClInclude>
    <ClInclude Include="dddta.h">
      <Filter>Header Files\Functions\OrginalTadr</Filter>
    </ClInclude>
    <ClInclude Include="taHPI.h">
      <Filter>Header Files\HardCodeInTA3.1C</Filter>
    </ClInclude>
    <ClInclude Include="Gaf.h">
      <Filter>Header Files\others</Filter>
    </ClInclude>
    <ClInclude Include="TAConfig.h">
      <Filter>Header Files\Functions\externFromChina</Filter>
    </ClInclude>
    <ClInclude Include="AiSeardchMapEntriesLimit.h">
      <Filter>Header Files\Functions\externFromChina\LimitCrack</Filter>
    </ClInclude>
    <ClInclude Include="IncreaseCompositeSize.h">
      <Filter>Header Files\Functions\externFromChina\LimitCrack</Filter>
    </ClInclude>
    <ClInclude Include="IncreaseSfxLimit.h">
      <Filter>Header Files\Functions\externFromChina\LimitCrack</Filter>
    </ClInclude>
    <ClInclude Include="MixingBuffers.h">
      <Filter>Header Files\Functions\externFromChina\LimitCrack</Filter>
    </ClInclude>
    <ClInclude Include="MultiGameWeaponID.h">
      <Filter>Header Files\Functions\externFromChina\LimitCrack</Filter>
    </ClInclude>
    <ClInclude Include="SwitchAlt.h">
      <Filter>Header Files\Functions\externFromChina\LimitCrack</Filter>
    </ClInclude>
    <ClInclude Include="UnitTypeLimit.h">
      <Filter>Header Files\Functions\externFromChina\LimitCrack</Filter>
    </ClInclude>
    <ClInclude Include="WeaponIDLimit.h">
      <Filter>Header Files\Functions\externFromChina\LimitCrack</Filter>
    </ClInclude>
    <ClInclude Include="LimitCrack.h">
      <Filter>Header Files\Functions\externFromChina\LimitCrack</Filter>
    </ClInclude>
    <ClInclude Include="UnitLimit.h">
      <Filter>Header Files\Functions\externFromChina\LimitCrack</Filter>
    </ClInclude>
    <ClInclude Include="TAbugfix.h">
      <Filter>Header Files\Functions\externFromChina</Filter>
    </ClInclude>
    <ClInclude Include="UnicodeSupport.h">
      <Filter>Header Files\Functions\externFromChina\GUI</Filter>
    </ClInclude>
    <ClInclude Include="MenuResolution.h">
      <Filter>Header Files\Functions\externFromChina\GUI</Filter>
    </ClInclude>
    <ClInclude Include="sharedialog.h">
      <Filter>Header Files\Functions\externFromChina\GUI</Filter>
    </ClInclude>
    <ClInclude Include="mapParse.h">
      <Filter>Header Files\Functions\externFromChina</Filter>
    </ClInclude>
    <ClInclude Include="gameredrawer.h">
      <Filter>Header Files\Functions\externFromChina\GUI</Filter>
    </ClInclude>
    <ClInclude Include="fullscreenminimap.h">
      <Filter>Header Files\Functions\externFromChina\GUI</Filter>
    </ClInclude>
    <ClInclude Include="GUIExpand.h">
      <Filter>Header Files\Functions\externFromChina\GUI</Filter>
    </ClInclude>
    <ClInclude Include="UnitDrawer.h">
      <Filter>Header Files\Functions\externFromChina\GUI</Filter>
    </ClInclude>
    <ClInclude Include="mappedmap.h">
      <Filter>Header Files\Functions\externFromChina\GUI</Filter>
    </ClInclude>
    <ClInclude Include="ExternQuickKey.h">
      <Filter>Header Files\Functions\externFromChina</Filter>
    </ClInclude>
    <ClInclude Include="BMP.h">
      <Filter>Header Files\others</Filter>
    </ClInclude>
    <ClInclude Include="ProjectilesMap.h">
      <Filter>Header Files\Functions\externFromChina\GUI</Filter>
    </ClInclude>
    <ClInclude Include="MegamapControl.h">
      <Filter>Header Files\Functions\externFromChina\GUI</Filter>
    </ClInclude>
    <ClInclude Include="ddraw.h">
      <Filter>Header Files</Filter>
    </ClInclude>
    <ClInclude Include="megamaptastuff.h">
      <Filter>Header Files\Functions\externFromChina\GUI</Filter>
    </ClInclude>
  </ItemGroup>
  <ItemGroup>
    <None Include="bitmaps\3stagedbutton.pcx">
      <Filter>Resource Files</Filter>
    </None>
    <None Include="bitmaps\tacursor.pcx">
      <Filter>Resource Files</Filter>
    </None>
    <None Include="bitmaps\CheckBox.pcx">
      <Filter>Resource Files</Filter>
    </None>
    <None Include="bitmaps\ControPanelBG.pcx">
      <Filter>Resource Files</Filter>
    </None>
    <None Include="bitmaps\greenrect.pcx">
      <Filter>Resource Files</Filter>
    </None>
    <None Include="bitmaps\hatfontLC.pcx">
      <Filter>Resource Files</Filter>
    </None>
    <None Include="bitmaps\hatfontsmallLC.pcx">
      <Filter>Resource Files</Filter>
    </None>
    <None Include="bitmaps\hatfontsmallUC.pcx">
      <Filter>Resource Files</Filter>
    </None>
    <None Include="bitmaps\hatfontUC.pcx">
      <Filter>Resource Files</Filter>
    </None>
    <None Include="bitmaps\inputbox.pcx">
      <Filter>Resource Files</Filter>
    </None>
    <None Include="bitmaps\okbutton.pcx">
      <Filter>Resource Files</Filter>
    </None>
    <None Include="bitmaps\smallcircle.pcx">
      <Filter>Resource Files</Filter>
    </None>
    <None Include="bitmaps\StagedButtn1.pcx">
      <Filter>Resource Files</Filter>
    </None>
    <None Include="bitmaps\standarbutton.pcx">
      <Filter>Resource Files</Filter>
    </None>
    <None Include="ddraw.def" />
    <None Include="tdraw.def" />
  </ItemGroup>
  <ItemGroup>
    <ResourceCompile Include="ddraw.rc">
      <Filter>Resource Files</Filter>
    </ResourceCompile>
    <ResourceCompile Include="publicddraw.rc">
      <Filter>Resource Files</Filter>
    </ResourceCompile>
  </ItemGroup>
</Project>